
Microsoft Visual Studio Solution File, Format Version 12.00
# Visual Studio 2012
Project("{FAE04EC0-301F-11D3-BF4B-00C04F79EFBC}") = "DeepFiction.Mvc.Theming", "DeepFiction.Mvc.Theming\DeepFiction.Mvc.Theming.csproj", "{909F78F7-8ECD-48DF-AA40-97736E9F81C3}"
EndProject
Project("{FAE04EC0-301F-11D3-BF4B-00C04F79EFBC}") = "DeepFiction.Mvc.Theming.Sample", "DeepFiction.Mvc.Theming.Sample\DeepFiction.Mvc.Theming.Sample.csproj", "{4477784C-C6EE-4034-A7BD-13E980130CDE}"
EndProject
Global
	GlobalSection(SolutionConfigurationPlatforms) = preSolution
		Debug|Any CPU = Debug|Any CPU
		Release|Any CPU = Release|Any CPU
	EndGlobalSection
	GlobalSection(ProjectConfigurationPlatforms) = postSolution
		{909F78F7-8ECD-48DF-AA40-97736E9F81C3}.Debug|Any CPU.ActiveCfg = Debug|Any CPU
		{909F78F7-8ECD-48DF-AA40-97736E9F81C3}.Debug|Any CPU.Build.0 = Debug|Any CPU
		{909F78F7-8ECD-48DF-AA40-97736E9F81C3}.Release|Any CPU.ActiveCfg = Release|Any CPU
		{909F78F7-8ECD-48DF-AA40-97736E9F81C3}.Release|Any CPU.Build.0 = Release|Any CPU
		{4477784C-C6EE-4034-A7BD-13E980130CDE}.Debug|Any CPU.ActiveCfg = Debug|Any CPU
		{4477784C-C6EE-4034-A7BD-13E980130CDE}.Debug|Any CPU.Build.0 = Debug|Any CPU
		{4477784C-C6EE-4034-A7BD-13E980130CDE}.Release|Any CPU.ActiveCfg = Release|Any CPU
		{4477784C-C6EE-4034-A7BD-13E980130CDE}.Release|Any CPU.Build.0 = Release|Any CPU
	EndGlobalSection
	GlobalSection(SolutionProperties) = preSolution
		HideSolutionNode = FALSE
	EndGlobalSection
EndGlobal
